
Microsoft Visual Studio Solution File, Format Version 12.00
# Visual Studio Version 17
VisualStudioVersion = 17.5.33414.496
MinimumVisualStudioVersion = 10.0.40219.1
Project("{FAE04EC0-301F-11D3-BF4B-00C04F79EFBC}") = "WindowsFormsApp", "WindowsFormsApp\WindowsFormsApp.csproj", "{0F259DA3-5609-4CB6-9E32-1621E6DAE816}"
EndProject
Global
	GlobalSection(SolutionConfigurationPlatforms) = preSolution
		Debug|Any CPU = Debug|Any CPU
		Release|Any CPU = Release|Any CPU
	EndGlobalSection
	GlobalSection(ProjectConfigurationPlatforms) = postSolution
		{0F259DA3-5609-4CB6-9E32-1621E6DAE816}.Debug|Any CPU.ActiveCfg = Debug|Any CPU
		{0F259DA3-5609-4CB6-9E32-1621E6DAE816}.Debug|Any CPU.Build.0 = Debug|Any CPU
		{0F259DA3-5609-4CB6-9E32-1621E6DAE816}.Release|Any CPU.ActiveCfg = Release|Any CPU
		{0F259DA3-5609-4CB6-9E32-1621E6DAE816}.Release|Any CPU.Build.0 = Release|Any CPU
	EndGlobalSection
	GlobalSection(SolutionProperties) = preSolution
		HideSolutionNode = FALSE
	EndGlobalSection
	GlobalSection(ExtensibilityGlobals) = postSolution
		SolutionGuid = {DFC5C5CE-D2DC-469B-B451-3E75B19B3B9C}
	EndGlobalSection
EndGlobal
